
Microsoft Visual Studio Solution File, Format Version 12.00
# Visual Studio Version 17
VisualStudioVersion = 17.9.34607.119
MinimumVisualStudioVersion = 10.0.40219.1
Project("{FAE04EC0-301F-11D3-BF4B-00C04F79EFBC}") = "W01", "W01\W01.csproj", "{77B6A196-9A60-46CE-B29D-709C7E386C8A}"
EndProject
Global
	GlobalSection(SolutionConfigurationPlatforms) = preSolution
		Debug|Any CPU = Debug|Any CPU
		Release|Any CPU = Release|Any CPU
	EndGlobalSection
	GlobalSection(ProjectConfigurationPlatforms) = postSolution
		{77B6A196-9A60-46CE-B29D-709C7E386C8A}.Debug|Any CPU.ActiveCfg = Debug|Any CPU
		{77B6A196-9A60-46CE-B29D-709C7E386C8A}.Debug|Any CPU.Build.0 = Debug|Any CPU
		{77B6A196-9A60-46CE-B29D-709C7E386C8A}.Release|Any CPU.ActiveCfg = Release|Any CPU
		{77B6A196-9A60-46CE-B29D-709C7E386C8A}.Release|Any CPU.Build.0 = Release|Any CPU
	EndGlobalSection
	GlobalSection(SolutionProperties) = preSolution
		HideSolutionNode = FALSE
	EndGlobalSection
	GlobalSection(ExtensibilityGlobals) = postSolution
		SolutionGuid = {3774C7FC-85C6-4E8E-B1C9-AEE2057C336C}
	EndGlobalSection
EndGlobal
